// !$*UTF8*$!
{
	archiveVersion = 1;
	classes = {
	};
	objectVersion = 46;
	objects = {

/* Begin PBXBuildFile section */
		F11A45D51D14128700BD04B2 /* ObjectMapper.framework in Frameworks */ = {isa = PBXBuildFile; fileRef = F11A45D11D14128700BD04B2 /* ObjectMapper.framework */; };
		F11A45D61D14128700BD04B2 /* Realm.framework in Frameworks */ = {isa = PBXBuildFile; fileRef = F11A45D21D14128700BD04B2 /* Realm.framework */; };
		F11A45D71D14128700BD04B2 /* RealmSwift.framework in Frameworks */ = {isa = PBXBuildFile; fileRef = F11A45D31D14128700BD04B2 /* RealmSwift.framework */; };
		F11A45D81D14128700BD04B2 /* SwiftyJSON.framework in Frameworks */ = {isa = PBXBuildFile; fileRef = F11A45D41D14128700BD04B2 /* SwiftyJSON.framework */; };
		F13453AE1D1536FD00F21DA7 /* ObjectReflection.swift in Sources */ = {isa = PBXBuildFile; fileRef = F13453AD1D1536FD00F21DA7 /* ObjectReflection.swift */; };
		F13453DB1D17ECDD00F21DA7 /* Enums.swift in Sources */ = {isa = PBXBuildFile; fileRef = F13453DA1D17ECDD00F21DA7 /* Enums.swift */; };
		F13E40241D27FE48000E02E4 /* Business.swift in Sources */ = {isa = PBXBuildFile; fileRef = F13E40231D27FE48000E02E4 /* Business.swift */; };
		F13E40261D280069000E02E4 /* BusinessAccount.swift in Sources */ = {isa = PBXBuildFile; fileRef = F13E40251D280069000E02E4 /* BusinessAccount.swift */; };
		F13E40281D280236000E02E4 /* BusinessCard.swift in Sources */ = {isa = PBXBuildFile; fileRef = F13E40271D280236000E02E4 /* BusinessCard.swift */; };
		F13E402A1D280245000E02E4 /* BusinessCardBudget.swift in Sources */ = {isa = PBXBuildFile; fileRef = F13E40291D280245000E02E4 /* BusinessCardBudget.swift */; };
		F13E402C1D28025A000E02E4 /* BusinessCashIn.swift in Sources */ = {isa = PBXBuildFile; fileRef = F13E402B1D28025A000E02E4 /* BusinessCashIn.swift */; };
		F13E402E1D280266000E02E4 /* BusinessCashOut.swift in Sources */ = {isa = PBXBuildFile; fileRef = F13E402D1D280266000E02E4 /* BusinessCashOut.swift */; };
		F13E40301D280274000E02E4 /* BusinessCashTransfer.swift in Sources */ = {isa = PBXBuildFile; fileRef = F13E402F1D280274000E02E4 /* BusinessCashTransfer.swift */; };
		F13E40321D280290000E02E4 /* UserPayCard.swift in Sources */ = {isa = PBXBuildFile; fileRef = F13E40311D280290000E02E4 /* UserPayCard.swift */; };
		F188B81D1CBCF9F40016173B /* SClientModel-Bridging-Header.h in Headers */ = {isa = PBXBuildFile; fileRef = F188B81C1CBCF9F40016173B /* SClientModel-Bridging-Header.h */; settings = {ATTRIBUTES = (Public, ); }; };
		F188B8271CBCFA990016173B /* BaseModel.swift in Sources */ = {isa = PBXBuildFile; fileRef = F188B8261CBCFA990016173B /* BaseModel.swift */; };
		F1B867281CBDF1DC00E91AB0 /* User.swift in Sources */ = {isa = PBXBuildFile; fileRef = F1B867271CBDF1DC00E91AB0 /* User.swift */; };
		F1B867A41CBE665D00E91AB0 /* Driver.swift in Sources */ = {isa = PBXBuildFile; fileRef = F1B867A31CBE665D00E91AB0 /* Driver.swift */; };
		F1B867A61CBE66D500E91AB0 /* UserSetting.swift in Sources */ = {isa = PBXBuildFile; fileRef = F1B867A51CBE66D500E91AB0 /* UserSetting.swift */; };
		F1B867A81CBE670A00E91AB0 /* UserStatus.swift in Sources */ = {isa = PBXBuildFile; fileRef = F1B867A71CBE670A00E91AB0 /* UserStatus.swift */; };
		F1CCF6A81D054A5600911091 /* LocationObject.swift in Sources */ = {isa = PBXBuildFile; fileRef = F1CCF6A61D054A5600911091 /* LocationObject.swift */; };
		F1CCF6A91D054A5600911091 /* MongoDateTransform.swift in Sources */ = {isa = PBXBuildFile; fileRef = F1CCF6A71D054A5600911091 /* MongoDateTransform.swift */; };
		F1CCF6AC1D054A6000911091 /* DateTime.swift in Sources */ = {isa = PBXBuildFile; fileRef = F1CCF6AB1D054A6000911091 /* DateTime.swift */; };
		F1CCF6B11D05C15600911091 /* DriverBidding.swift in Sources */ = {isa = PBXBuildFile; fileRef = F1CCF6B01D05C15600911091 /* DriverBidding.swift */; };
		F1CCF6B31D0710AA00911091 /* Double.swift in Sources */ = {isa = PBXBuildFile; fileRef = F1CCF6B21D0710AA00911091 /* Double.swift */; };
		F1CCF6B51D07119000911091 /* RegionalHelper.swift in Sources */ = {isa = PBXBuildFile; fileRef = F1CCF6B41D07119000911091 /* RegionalHelper.swift */; };
		F1DCEA2A1CBFAAF20017B83C /* Car.swift in Sources */ = {isa = PBXBuildFile; fileRef = F1DCEA1C1CBFAAF20017B83C /* Car.swift */; };
		F1DCEA2B1CBFAAF20017B83C /* CarStatus.swift in Sources */ = {isa = PBXBuildFile; fileRef = F1DCEA1D1CBFAAF20017B83C /* CarStatus.swift */; };
		F1DCEA2C1CBFAAF20017B83C /* CellStatistic.swift in Sources */ = {isa = PBXBuildFile; fileRef = F1DCEA1E1CBFAAF20017B83C /* CellStatistic.swift */; };
		F1DCEA2D1CBFAAF20017B83C /* Company.swift in Sources */ = {isa = PBXBuildFile; fileRef = F1DCEA1F1CBFAAF20017B83C /* Company.swift */; };
		F1DCEA2E1CBFAAF20017B83C /* DriverActivity.swift in Sources */ = {isa = PBXBuildFile; fileRef = F1DCEA201CBFAAF20017B83C /* DriverActivity.swift */; };
		F1DCEA2F1CBFAAF20017B83C /* DriverPosHistory.swift in Sources */ = {isa = PBXBuildFile; fileRef = F1DCEA211CBFAAF20017B83C /* DriverPosHistory.swift */; };
		F1DCEA301CBFAAF20017B83C /* DriverSetting.swift in Sources */ = {isa = PBXBuildFile; fileRef = F1DCEA221CBFAAF20017B83C /* DriverSetting.swift */; };
		F1DCEA311CBFAAF20017B83C /* DriverStatus.swift in Sources */ = {isa = PBXBuildFile; fileRef = F1DCEA231CBFAAF20017B83C /* DriverStatus.swift */; };
		F1DCEA321CBFAAF20017B83C /* ExchangeRate.swift in Sources */ = {isa = PBXBuildFile; fileRef = F1DCEA241CBFAAF20017B83C /* ExchangeRate.swift */; };
		F1DCEA331CBFAAF20017B83C /* Team.swift in Sources */ = {isa = PBXBuildFile; fileRef = F1DCEA251CBFAAF20017B83C /* Team.swift */; };
		F1DCEA341CBFAAF20017B83C /* TravelOrder.swift in Sources */ = {isa = PBXBuildFile; fileRef = F1DCEA261CBFAAF20017B83C /* TravelOrder.swift */; };
		F1DCEA351CBFAAF20017B83C /* UserActivity.swift in Sources */ = {isa = PBXBuildFile; fileRef = F1DCEA271CBFAAF20017B83C /* UserActivity.swift */; };
		F1DCEA361CBFAAF20017B83C /* UserPosHistory.swift in Sources */ = {isa = PBXBuildFile; fileRef = F1DCEA281CBFAAF20017B83C /* UserPosHistory.swift */; };
		F1DCEA371CBFAAF20017B83C /* WorkingPlan.swift in Sources */ = {isa = PBXBuildFile; fileRef = F1DCEA291CBFAAF20017B83C /* WorkingPlan.swift */; };
		F1DCEA391CC0A0A60017B83C /* TaxiPrice.swift in Sources */ = {isa = PBXBuildFile; fileRef = F1DCEA381CC0A0A60017B83C /* TaxiPrice.swift */; };
		F1DCEA3B1CC0A1A70017B83C /* TaxiDiscount.swift in Sources */ = {isa = PBXBuildFile; fileRef = F1DCEA3A1CC0A1A70017B83C /* TaxiDiscount.swift */; };
		F1DCEA3D1CC0A21C0017B83C /* TaxiAveragePrice.swift in Sources */ = {isa = PBXBuildFile; fileRef = F1DCEA3C1CC0A21C0017B83C /* TaxiAveragePrice.swift */; };
		F1F5B0161D2E3E7400AAEF37 /* TravelOrderChatting.swift in Sources */ = {isa = PBXBuildFile; fileRef = F1F5B0151D2E3E7400AAEF37 /* TravelOrderChatting.swift */; };
/* End PBXBuildFile section */

/* Begin PBXFileReference section */
		F11A45D11D14128700BD04B2 /* ObjectMapper.framework */ = {isa = PBXFileReference; lastKnownFileType = wrapper.framework; name = ObjectMapper.framework; path = ../Libs/ObjectMapper.framework; sourceTree = "<group>"; };
		F11A45D21D14128700BD04B2 /* Realm.framework */ = {isa = PBXFileReference; lastKnownFileType = wrapper.framework; name = Realm.framework; path = ../Libs/Realm.framework; sourceTree = "<group>"; };
		F11A45D31D14128700BD04B2 /* RealmSwift.framework */ = {isa = PBXFileReference; lastKnownFileType = wrapper.framework; name = RealmSwift.framework; path = ../Libs/RealmSwift.framework; sourceTree = "<group>"; };
		F11A45D41D14128700BD04B2 /* SwiftyJSON.framework */ = {isa = PBXFileReference; lastKnownFileType = wrapper.framework; name = SwiftyJSON.framework; path = ../Libs/SwiftyJSON.framework; sourceTree = "<group>"; };
		F13453AD1D1536FD00F21DA7 /* ObjectReflection.swift */ = {isa = PBXFileReference; fileEncoding = 4; lastKnownFileType = sourcecode.swift; path = ObjectReflection.swift; sourceTree = "<group>"; };
		F13453DA1D17ECDD00F21DA7 /* Enums.swift */ = {isa = PBXFileReference; fileEncoding = 4; lastKnownFileType = sourcecode.swift; path = Enums.swift; sourceTree = "<group>"; };
		F13E40231D27FE48000E02E4 /* Business.swift */ = {isa = PBXFileReference; fileEncoding = 4; lastKnownFileType = sourcecode.swift; name = Business.swift; path = Models/Business.swift; sourceTree = "<group>"; };
		F13E40251D280069000E02E4 /* BusinessAccount.swift */ = {isa = PBXFileReference; fileEncoding = 4; lastKnownFileType = sourcecode.swift; name = BusinessAccount.swift; path = Models/BusinessAccount.swift; sourceTree = "<group>"; };
		F13E40271D280236000E02E4 /* BusinessCard.swift */ = {isa = PBXFileReference; fileEncoding = 4; lastKnownFileType = sourcecode.swift; name = BusinessCard.swift; path = Models/BusinessCard.swift; sourceTree = "<group>"; };
		F13E40291D280245000E02E4 /* BusinessCardBudget.swift */ = {isa = PBXFileReference; fileEncoding = 4; lastKnownFileType = sourcecode.swift; name = BusinessCardBudget.swift; path = Models/BusinessCardBudget.swift; sourceTree = "<group>"; };
		F13E402B1D28025A000E02E4 /* BusinessCashIn.swift */ = {isa = PBXFileReference; fileEncoding = 4; lastKnownFileType = sourcecode.swift; name = BusinessCashIn.swift; path = Models/BusinessCashIn.swift; sourceTree = "<group>"; };
		F13E402D1D280266000E02E4 /* BusinessCashOut.swift */ = {isa = PBXFileReference; fileEncoding = 4; lastKnownFileType = sourcecode.swift; name = BusinessCashOut.swift; path = Models/BusinessCashOut.swift; sourceTree = "<group>"; };
		F13E402F1D280274000E02E4 /* BusinessCashTransfer.swift */ = {isa = PBXFileReference; fileEncoding = 4; lastKnownFileType = sourcecode.swift; name = BusinessCashTransfer.swift; path = Models/BusinessCashTransfer.swift; sourceTree = "<group>"; };
		F13E40311D280290000E02E4 /* UserPayCard.swift */ = {isa = PBXFileReference; fileEncoding = 4; lastKnownFileType = sourcecode.swift; name = UserPayCard.swift; path = Models/UserPayCard.swift; sourceTree = "<group>"; };
		F188B8191CBCF9F40016173B /* SClientModel.framework */ = {isa = PBXFileReference; explicitFileType = wrapper.framework; includeInIndex = 0; path = SClientModel.framework; sourceTree = BUILT_PRODUCTS_DIR; };
		F188B81C1CBCF9F40016173B /* SClientModel-Bridging-Header.h */ = {isa = PBXFileReference; lastKnownFileType = sourcecode.c.h; path = "SClientModel-Bridging-Header.h"; sourceTree = "<group>"; };
		F188B81E1CBCF9F40016173B /* Info.plist */ = {isa = PBXFileReference; lastKnownFileType = text.plist.xml; path = Info.plist; sourceTree = "<group>"; };
		F188B8261CBCFA990016173B /* BaseModel.swift */ = {isa = PBXFileReference; fileEncoding = 4; lastKnownFileType = sourcecode.swift; path = BaseModel.swift; sourceTree = "<group>"; };
		F1B867271CBDF1DC00E91AB0 /* User.swift */ = {isa = PBXFileReference; fileEncoding = 4; lastKnownFileType = sourcecode.swift; name = User.swift; path = Models/User.swift; sourceTree = "<group>"; };
		F1B867A31CBE665D00E91AB0 /* Driver.swift */ = {isa = PBXFileReference; fileEncoding = 4; lastKnownFileType = sourcecode.swift; name = Driver.swift; path = Models/Driver.swift; sourceTree = "<group>"; };
		F1B867A51CBE66D500E91AB0 /* UserSetting.swift */ = {isa = PBXFileReference; fileEncoding = 4; lastKnownFileType = sourcecode.swift; name = UserSetting.swift; path = Models/UserSetting.swift; sourceTree = "<group>"; };
		F1B867A71CBE670A00E91AB0 /* UserStatus.swift */ = {isa = PBXFileReference; fileEncoding = 4; lastKnownFileType = sourcecode.swift; name = UserStatus.swift; path = Models/UserStatus.swift; sourceTree = "<group>"; };
		F1CCF6A61D054A5600911091 /* LocationObject.swift */ = {isa = PBXFileReference; fileEncoding = 4; lastKnownFileType = sourcecode.swift; path = LocationObject.swift; sourceTree = "<group>"; };
		F1CCF6A71D054A5600911091 /* MongoDateTransform.swift */ = {isa = PBXFileReference; fileEncoding = 4; lastKnownFileType = sourcecode.swift; path = MongoDateTransform.swift; sourceTree = "<group>"; };
		F1CCF6AB1D054A6000911091 /* DateTime.swift */ = {isa = PBXFileReference; fileEncoding = 4; lastKnownFileType = sourcecode.swift; path = DateTime.swift; sourceTree = "<group>"; };
		F1CCF6B01D05C15600911091 /* DriverBidding.swift */ = {isa = PBXFileReference; fileEncoding = 4; lastKnownFileType = sourcecode.swift; name = DriverBidding.swift; path = Models/DriverBidding.swift; sourceTree = "<group>"; };
		F1CCF6B21D0710AA00911091 /* Double.swift */ = {isa = PBXFileReference; fileEncoding = 4; lastKnownFileType = sourcecode.swift; path = Double.swift; sourceTree = "<group>"; };
		F1CCF6B41D07119000911091 /* RegionalHelper.swift */ = {isa = PBXFileReference; fileEncoding = 4; lastKnownFileType = sourcecode.swift; path = RegionalHelper.swift; sourceTree = "<group>"; };
		F1DCEA1C1CBFAAF20017B83C /* Car.swift */ = {isa = PBXFileReference; fileEncoding = 4; lastKnownFileType = sourcecode.swift; name = Car.swift; path = Models/Car.swift; sourceTree = "<group>"; };
		F1DCEA1D1CBFAAF20017B83C /* CarStatus.swift */ = {isa = PBXFileReference; fileEncoding = 4; lastKnownFileType = sourcecode.swift; name = CarStatus.swift; path = Models/CarStatus.swift; sourceTree = "<group>"; };
		F1DCEA1E1CBFAAF20017B83C /* CellStatistic.swift */ = {isa = PBXFileReference; fileEncoding = 4; lastKnownFileType = sourcecode.swift; name = CellStatistic.swift; path = Models/CellStatistic.swift; sourceTree = "<group>"; };
		F1DCEA1F1CBFAAF20017B83C /* Company.swift */ = {isa = PBXFileReference; fileEncoding = 4; lastKnownFileType = sourcecode.swift; name = Company.swift; path = Models/Company.swift; sourceTree = "<group>"; };
		F1DCEA201CBFAAF20017B83C /* DriverActivity.swift */ = {isa = PBXFileReference; fileEncoding = 4; lastKnownFileType = sourcecode.swift; name = DriverActivity.swift; path = Models/DriverActivity.swift; sourceTree = "<group>"; };
		F1DCEA211CBFAAF20017B83C /* DriverPosHistory.swift */ = {isa = PBXFileReference; fileEncoding = 4; lastKnownFileType = sourcecode.swift; name = DriverPosHistory.swift; path = Models/DriverPosHistory.swift; sourceTree = "<group>"; };
		F1DCEA221CBFAAF20017B83C /* DriverSetting.swift */ = {isa = PBXFileReference; fileEncoding = 4; lastKnownFileType = sourcecode.swift; name = DriverSetting.swift; path = Models/DriverSetting.swift; sourceTree = "<group>"; };
		F1DCEA231CBFAAF20017B83C /* DriverStatus.swift */ = {isa = PBXFileReference; fileEncoding = 4; lastKnownFileType = sourcecode.swift; name = DriverStatus.swift; path = Models/DriverStatus.swift; sourceTree = "<group>"; };
		F1DCEA241CBFAAF20017B83C /* ExchangeRate.swift */ = {isa = PBXFileReference; fileEncoding = 4; lastKnownFileType = sourcecode.swift; name = ExchangeRate.swift; path = Models/ExchangeRate.swift; sourceTree = "<group>"; };
		F1DCEA251CBFAAF20017B83C /* Team.swift */ = {isa = PBXFileReference; fileEncoding = 4; lastKnownFileType = sourcecode.swift; name = Team.swift; path = Models/Team.swift; sourceTree = "<group>"; };
		F1DCEA261CBFAAF20017B83C /* TravelOrder.swift */ = {isa = PBXFileReference; fileEncoding = 4; lastKnownFileType = sourcecode.swift; name = TravelOrder.swift; path = Models/TravelOrder.swift; sourceTree = "<group>"; };
		F1DCEA271CBFAAF20017B83C /* UserActivity.swift */ = {isa = PBXFileReference; fileEncoding = 4; lastKnownFileType = sourcecode.swift; name = UserActivity.swift; path = Models/UserActivity.swift; sourceTree = "<group>"; };
		F1DCEA281CBFAAF20017B83C /* UserPosHistory.swift */ = {isa = PBXFileReference; fileEncoding = 4; lastKnownFileType = sourcecode.swift; name = UserPosHistory.swift; path = Models/UserPosHistory.swift; sourceTree = "<group>"; };
		F1DCEA291CBFAAF20017B83C /* WorkingPlan.swift */ = {isa = PBXFileReference; fileEncoding = 4; lastKnownFileType = sourcecode.swift; name = WorkingPlan.swift; path = Models/WorkingPlan.swift; sourceTree = "<group>"; };
		F1DCEA381CC0A0A60017B83C /* TaxiPrice.swift */ = {isa = PBXFileReference; fileEncoding = 4; lastKnownFileType = sourcecode.swift; name = TaxiPrice.swift; path = Models/TaxiPrice.swift; sourceTree = "<group>"; };
		F1DCEA3A1CC0A1A70017B83C /* TaxiDiscount.swift */ = {isa = PBXFileReference; fileEncoding = 4; lastKnownFileType = sourcecode.swift; name = TaxiDiscount.swift; path = Models/TaxiDiscount.swift; sourceTree = "<group>"; };
		F1DCEA3C1CC0A21C0017B83C /* TaxiAveragePrice.swift */ = {isa = PBXFileReference; fileEncoding = 4; lastKnownFileType = sourcecode.swift; name = TaxiAveragePrice.swift; path = Models/TaxiAveragePrice.swift; sourceTree = "<group>"; };
		F1F5B0151D2E3E7400AAEF37 /* TravelOrderChatting.swift */ = {isa = PBXFileReference; fileEncoding = 4; lastKnownFileType = sourcecode.swift; name = TravelOrderChatting.swift; path = Models/TravelOrderChatting.swift; sourceTree = "<group>"; };
/* End PBXFileReference section */

/* Begin PBXFrameworksBuildPhase section */
		F188B8151CBCF9F40016173B /* Frameworks */ = {
			isa = PBXFrameworksBuildPhase;
			buildActionMask = 2147483647;
			files = (
				F11A45D51D14128700BD04B2 /* ObjectMapper.framework in Frameworks */,
				F11A45D61D14128700BD04B2 /* Realm.framework in Frameworks */,
				F11A45D71D14128700BD04B2 /* RealmSwift.framework in Frameworks */,
				F11A45D81D14128700BD04B2 /* SwiftyJSON.framework in Frameworks */,
			);
			runOnlyForDeploymentPostprocessing = 0;
		};
/* End PBXFrameworksBuildPhase section */

/* Begin PBXGroup section */
		F188B80F1CBCF9F40016173B = {
			isa = PBXGroup;
			children = (
				F1B8662F1CBDD4A700E91AB0 /* Frameworks */,
				F188B81B1CBCF9F40016173B /* SClientModel */,
				F188B81A1CBCF9F40016173B /* Products */,
			);
			sourceTree = "<group>";
		};
		F188B81A1CBCF9F40016173B /* Products */ = {
			isa = PBXGroup;
			children = (
				F188B8191CBCF9F40016173B /* SClientModel.framework */,
			);
			name = Products;
			sourceTree = "<group>";
		};
		F188B81B1CBCF9F40016173B /* SClientModel */ = {
			isa = PBXGroup;
			children = (
				F1CCF6AA1D054A6000911091 /* Utils */,
				F1CCF6A51D054A5600911091 /* Transformer */,
				F1B867261CBDF1BD00E91AB0 /* Models */,
				F188B8261CBCFA990016173B /* BaseModel.swift */,
				F188B81C1CBCF9F40016173B /* SClientModel-Bridging-Header.h */,
				F188B81E1CBCF9F40016173B /* Info.plist */,
			);
			path = SClientModel;
			sourceTree = "<group>";
		};
		F1B8662F1CBDD4A700E91AB0 /* Frameworks */ = {
			isa = PBXGroup;
			children = (
				F11A45D11D14128700BD04B2 /* ObjectMapper.framework */,
				F11A45D21D14128700BD04B2 /* Realm.framework */,
				F11A45D31D14128700BD04B2 /* RealmSwift.framework */,
				F11A45D41D14128700BD04B2 /* SwiftyJSON.framework */,
			);
			name = Frameworks;
			sourceTree = "<group>";
		};
		F1B867261CBDF1BD00E91AB0 /* Models */ = {
			isa = PBXGroup;
			children = (
				F13E40231D27FE48000E02E4 /* Business.swift */,
				F13E40251D280069000E02E4 /* BusinessAccount.swift */,
				F13E40271D280236000E02E4 /* BusinessCard.swift */,
				F13E40291D280245000E02E4 /* BusinessCardBudget.swift */,
				F13E402B1D28025A000E02E4 /* BusinessCashIn.swift */,
				F13E402D1D280266000E02E4 /* BusinessCashOut.swift */,
				F13E402F1D280274000E02E4 /* BusinessCashTransfer.swift */,
				F1DCEA1C1CBFAAF20017B83C /* Car.swift */,
				F1DCEA1D1CBFAAF20017B83C /* CarStatus.swift */,
				F1DCEA1E1CBFAAF20017B83C /* CellStatistic.swift */,
				F1DCEA1F1CBFAAF20017B83C /* Company.swift */,
				F1B867A31CBE665D00E91AB0 /* Driver.swift */,
				F1DCEA201CBFAAF20017B83C /* DriverActivity.swift */,
				F1CCF6B01D05C15600911091 /* DriverBidding.swift */,
				F1DCEA211CBFAAF20017B83C /* DriverPosHistory.swift */,
				F1DCEA221CBFAAF20017B83C /* DriverSetting.swift */,
				F1DCEA231CBFAAF20017B83C /* DriverStatus.swift */,
				F1DCEA241CBFAAF20017B83C /* ExchangeRate.swift */,
				F1DCEA3C1CC0A21C0017B83C /* TaxiAveragePrice.swift */,
				F1DCEA3A1CC0A1A70017B83C /* TaxiDiscount.swift */,
				F1DCEA381CC0A0A60017B83C /* TaxiPrice.swift */,
				F1DCEA251CBFAAF20017B83C /* Team.swift */,
				F1DCEA261CBFAAF20017B83C /* TravelOrder.swift */,
				F1F5B0151D2E3E7400AAEF37 /* TravelOrderChatting.swift */,
				F1B867271CBDF1DC00E91AB0 /* User.swift */,
				F1DCEA271CBFAAF20017B83C /* UserActivity.swift */,
				F13E40311D280290000E02E4 /* UserPayCard.swift */,
				F1DCEA281CBFAAF20017B83C /* UserPosHistory.swift */,
				F1B867A51CBE66D500E91AB0 /* UserSetting.swift */,
				F1B867A71CBE670A00E91AB0 /* UserStatus.swift */,
				F1DCEA291CBFAAF20017B83C /* WorkingPlan.swift */,
			);
			name = Models;
			sourceTree = "<group>";
		};
		F1CCF6A51D054A5600911091 /* Transformer */ = {
			isa = PBXGroup;
			children = (
				F1CCF6A61D054A5600911091 /* LocationObject.swift */,
				F1CCF6A71D054A5600911091 /* MongoDateTransform.swift */,
			);
			path = Transformer;
			sourceTree = "<group>";
		};
		F1CCF6AA1D054A6000911091 /* Utils */ = {
			isa = PBXGroup;
			children = (
				F1CCF6AB1D054A6000911091 /* DateTime.swift */,
				F1CCF6B21D0710AA00911091 /* Double.swift */,
				F1CCF6B41D07119000911091 /* RegionalHelper.swift */,
				F13453AD1D1536FD00F21DA7 /* ObjectReflection.swift */,
				F13453DA1D17ECDD00F21DA7 /* Enums.swift */,
			);
			path = Utils;
			sourceTree = "<group>";
		};
/* End PBXGroup section */

/* Begin PBXHeadersBuildPhase section */
		F188B8161CBCF9F40016173B /* Headers */ = {
			isa = PBXHeadersBuildPhase;
			buildActionMask = 2147483647;
			files = (
				F188B81D1CBCF9F40016173B /* SClientModel-Bridging-Header.h in Headers */,
			);
			runOnlyForDeploymentPostprocessing = 0;
		};
/* End PBXHeadersBuildPhase section */

/* Begin PBXNativeTarget section */
		F188B8181CBCF9F40016173B /* SClientModel */ = {
			isa = PBXNativeTarget;
			buildConfigurationList = F188B8211CBCF9F40016173B /* Build configuration list for PBXNativeTarget "SClientModel" */;
			buildPhases = (
				F188B8151CBCF9F40016173B /* Frameworks */,
				F188B8141CBCF9F40016173B /* Sources */,
				F188B8161CBCF9F40016173B /* Headers */,
				F188B8171CBCF9F40016173B /* Resources */,
			);
			buildRules = (
			);
			dependencies = (
			);
			name = SClientModel;
			productName = SClientModel;
			productReference = F188B8191CBCF9F40016173B /* SClientModel.framework */;
			productType = "com.apple.product-type.framework";
		};
/* End PBXNativeTarget section */

/* Begin PBXProject section */
		F188B8101CBCF9F40016173B /* Project object */ = {
			isa = PBXProject;
			attributes = {
				LastUpgradeCheck = 0730;
				ORGANIZATIONNAME = SCONNECTING;
				TargetAttributes = {
					F188B8181CBCF9F40016173B = {
						CreatedOnToolsVersion = 7.3;
						DevelopmentTeam = MULJ38QF2C;
						LastSwiftMigration = 0810;
					};
				};
			};
			buildConfigurationList = F188B8131CBCF9F40016173B /* Build configuration list for PBXProject "SClientModel" */;
			compatibilityVersion = "Xcode 3.2";
			developmentRegion = English;
			hasScannedForEncodings = 0;
			knownRegions = (
				en,
			);
			mainGroup = F188B80F1CBCF9F40016173B;
			productRefGroup = F188B81A1CBCF9F40016173B /* Products */;
			projectDirPath = "";
			projectRoot = "";
			targets = (
				F188B8181CBCF9F40016173B /* SClientModel */,
			);
		};
/* End PBXProject section */

/* Begin PBXResourcesBuildPhase section */
		F188B8171CBCF9F40016173B /* Resources */ = {
			isa = PBXResourcesBuildPhase;
			buildActionMask = 2147483647;
			files = (
			);
			runOnlyForDeploymentPostprocessing = 0;
		};
/* End PBXResourcesBuildPhase section */

/* Begin PBXSourcesBuildPhase section */
		F188B8141CBCF9F40016173B /* Sources */ = {
			isa = PBXSourcesBuildPhase;
			buildActionMask = 2147483647;
			files = (
				F1CCF6A91D054A5600911091 /* MongoDateTransform.swift in Sources */,
				F188B8271CBCFA990016173B /* BaseModel.swift in Sources */,
				F1DCEA351CBFAAF20017B83C /* UserActivity.swift in Sources */,
				F13E40241D27FE48000E02E4 /* Business.swift in Sources */,
				F13E402A1D280245000E02E4 /* BusinessCardBudget.swift in Sources */,
				F1DCEA341CBFAAF20017B83C /* TravelOrder.swift in Sources */,
				F1DCEA391CC0A0A60017B83C /* TaxiPrice.swift in Sources */,
				F13E402E1D280266000E02E4 /* BusinessCashOut.swift in Sources */,
				F13E40281D280236000E02E4 /* BusinessCard.swift in Sources */,
				F1DCEA321CBFAAF20017B83C /* ExchangeRate.swift in Sources */,
				F1DCEA3D1CC0A21C0017B83C /* TaxiAveragePrice.swift in Sources */,
				F1CCF6B31D0710AA00911091 /* Double.swift in Sources */,
				F13E40261D280069000E02E4 /* BusinessAccount.swift in Sources */,
				F13E40321D280290000E02E4 /* UserPayCard.swift in Sources */,
				F1CCF6B11D05C15600911091 /* DriverBidding.swift in Sources */,
				F1F5B0161D2E3E7400AAEF37 /* TravelOrderChatting.swift in Sources */,
				F1CCF6B51D07119000911091 /* RegionalHelper.swift in Sources */,
				F1DCEA361CBFAAF20017B83C /* UserPosHistory.swift in Sources */,
				F1B867281CBDF1DC00E91AB0 /* User.swift in Sources */,
				F13453AE1D1536FD00F21DA7 /* ObjectReflection.swift in Sources */,
				F13E40301D280274000E02E4 /* BusinessCashTransfer.swift in Sources */,
				F1DCEA3B1CC0A1A70017B83C /* TaxiDiscount.swift in Sources */,
				F1DCEA2D1CBFAAF20017B83C /* Company.swift in Sources */,
				F1B867A61CBE66D500E91AB0 /* UserSetting.swift in Sources */,
				F1DCEA2F1CBFAAF20017B83C /* DriverPosHistory.swift in Sources */,
				F1DCEA301CBFAAF20017B83C /* DriverSetting.swift in Sources */,
				F13E402C1D28025A000E02E4 /* BusinessCashIn.swift in Sources */,
				F1DCEA2B1CBFAAF20017B83C /* CarStatus.swift in Sources */,
				F1DCEA371CBFAAF20017B83C /* WorkingPlan.swift in Sources */,
				F1DCEA2E1CBFAAF20017B83C /* DriverActivity.swift in Sources */,
				F1CCF6AC1D054A6000911091 /* DateTime.swift in Sources */,
				F13453DB1D17ECDD00F21DA7 /* Enums.swift in Sources */,
				F1DCEA311CBFAAF20017B83C /* DriverStatus.swift in Sources */,
				F1DCEA2C1CBFAAF20017B83C /* CellStatistic.swift in Sources */,
				F1DCEA331CBFAAF20017B83C /* Team.swift in Sources */,
				F1B867A81CBE670A00E91AB0 /* UserStatus.swift in Sources */,
				F1DCEA2A1CBFAAF20017B83C /* Car.swift in Sources */,
				F1B867A41CBE665D00E91AB0 /* Driver.swift in Sources */,
				F1CCF6A81D054A5600911091 /* LocationObject.swift in Sources */,
			);
			runOnlyForDeploymentPostprocessing = 0;
		};
/* End PBXSourcesBuildPhase section */

/* Begin XCBuildConfiguration section */
		F188B81F1CBCF9F40016173B /* Debug */ = {
			isa = XCBuildConfiguration;
			buildSettings = {
				ALWAYS_SEARCH_USER_PATHS = NO;
				CLANG_ANALYZER_NONNULL = YES;
				CLANG_CXX_LANGUAGE_STANDARD = "gnu++0x";
				CLANG_CXX_LIBRARY = "libc++";
				CLANG_ENABLE_MODULES = YES;
				CLANG_ENABLE_OBJC_ARC = YES;
				CLANG_WARN_BOOL_CONVERSION = YES;
				CLANG_WARN_CONSTANT_CONVERSION = YES;
				CLANG_WARN_DIRECT_OBJC_ISA_USAGE = YES_ERROR;
				CLANG_WARN_EMPTY_BODY = YES;
				CLANG_WARN_ENUM_CONVERSION = YES;
				CLANG_WARN_INT_CONVERSION = YES;
				CLANG_WARN_OBJC_ROOT_CLASS = YES_ERROR;
				CLANG_WARN_UNREACHABLE_CODE = YES;
				CLANG_WARN__DUPLICATE_METHOD_MATCH = YES;
				CODE_SIGN_IDENTITY = "iPhone Developer";
				"CODE_SIGN_IDENTITY[sdk=iphoneos*]" = "iPhone Developer";
				COPY_PHASE_STRIP = NO;
				CURRENT_PROJECT_VERSION = 1;
				DEBUG_INFORMATION_FORMAT = dwarf;
				ENABLE_STRICT_OBJC_MSGSEND = YES;
				ENABLE_TESTABILITY = YES;
				FRAMEWORK_SEARCH_PATHS = (
					"$(inherited)",
					"$(SRCROOT)/**",
					"$PODS_CONFIGURATION_BUILD_DIR/**",
					"$(PROJECT_DIR)/**",
				);
				GCC_C_LANGUAGE_STANDARD = gnu99;
				GCC_DYNAMIC_NO_PIC = NO;
				GCC_NO_COMMON_BLOCKS = YES;
				GCC_OPTIMIZATION_LEVEL = 0;
				GCC_PREPROCESSOR_DEFINITIONS = (
					"DEBUG=1",
					"$(inherited)",
				);
				GCC_WARN_64_TO_32_BIT_CONVERSION = YES;
				GCC_WARN_ABOUT_RETURN_TYPE = YES_ERROR;
				GCC_WARN_UNDECLARED_SELECTOR = YES;
				GCC_WARN_UNINITIALIZED_AUTOS = YES_AGGRESSIVE;
				GCC_WARN_UNUSED_FUNCTION = YES;
				GCC_WARN_UNUSED_VARIABLE = YES;
				HEADER_SEARCH_PATHS = "";
				IPHONEOS_DEPLOYMENT_TARGET = 9.3;
				LD_RUNPATH_SEARCH_PATHS = "$(inherited) @executable_path/Frameworks";
				LIBRARY_SEARCH_PATHS = "";
				MTL_ENABLE_DEBUG_INFO = YES;
				ONLY_ACTIVE_ARCH = NO;
				PODS_BUILD_DIR = $BUILD_DIR;
				PROVISIONING_PROFILE = "";
				SDKROOT = iphoneos;
				SWIFT_OBJC_BRIDGING_HEADER = "SClientModel/SClientModel-Bridging-Header.h";
				SWIFT_OPTIMIZATION_LEVEL = "-Onone";
				TARGETED_DEVICE_FAMILY = "1,2";
				USER_HEADER_SEARCH_PATHS = "";
				VALID_ARCHS = "armv6 arm64 armv7 armv7s x86_64 i386";
				VERSIONING_SYSTEM = "apple-generic";
				VERSION_INFO_PREFIX = "";
			};
			name = Debug;
		};
		F188B8201CBCF9F40016173B /* Release */ = {
			isa = XCBuildConfiguration;
			buildSettings = {
				ALWAYS_SEARCH_USER_PATHS = NO;
				CLANG_ANALYZER_NONNULL = YES;
				CLANG_CXX_LANGUAGE_STANDARD = "gnu++0x";
				CLANG_CXX_LIBRARY = "libc++";
				CLANG_ENABLE_MODULES = YES;
				CLANG_ENABLE_OBJC_ARC = YES;
				CLANG_WARN_BOOL_CONVERSION = YES;
				CLANG_WARN_CONSTANT_CONVERSION = YES;
				CLANG_WARN_DIRECT_OBJC_ISA_USAGE = YES_ERROR;
				CLANG_WARN_EMPTY_BODY = YES;
				CLANG_WARN_ENUM_CONVERSION = YES;
				CLANG_WARN_INT_CONVERSION = YES;
				CLANG_WARN_OBJC_ROOT_CLASS = YES_ERROR;
				CLANG_WARN_UNREACHABLE_CODE = YES;
				CLANG_WARN__DUPLICATE_METHOD_MATCH = YES;
				CODE_SIGN_IDENTITY = "iPhone Developer";
				"CODE_SIGN_IDENTITY[sdk=iphoneos*]" = "iPhone Developer";
				COPY_PHASE_STRIP = NO;
				CURRENT_PROJECT_VERSION = 1;
				DEBUG_INFORMATION_FORMAT = "dwarf-with-dsym";
				ENABLE_NS_ASSERTIONS = NO;
				ENABLE_STRICT_OBJC_MSGSEND = YES;
				FRAMEWORK_SEARCH_PATHS = (
					"$(inherited)",
					"$(SRCROOT)/**",
					"$PODS_CONFIGURATION_BUILD_DIR/**",
					"$(PROJECT_DIR)/**",
				);
				GCC_C_LANGUAGE_STANDARD = gnu99;
				GCC_NO_COMMON_BLOCKS = YES;
				GCC_WARN_64_TO_32_BIT_CONVERSION = YES;
				GCC_WARN_ABOUT_RETURN_TYPE = YES_ERROR;
				GCC_WARN_UNDECLARED_SELECTOR = YES;
				GCC_WARN_UNINITIALIZED_AUTOS = YES_AGGRESSIVE;
				GCC_WARN_UNUSED_FUNCTION = YES;
				GCC_WARN_UNUSED_VARIABLE = YES;
				HEADER_SEARCH_PATHS = "";
				IPHONEOS_DEPLOYMENT_TARGET = 9.3;
				LD_RUNPATH_SEARCH_PATHS = "$(inherited) @executable_path/Frameworks";
				LIBRARY_SEARCH_PATHS = "";
				MTL_ENABLE_DEBUG_INFO = NO;
				ONLY_ACTIVE_ARCH = NO;
				PODS_BUILD_DIR = $BUILD_DIR;
				PROVISIONING_PROFILE = "";
				SDKROOT = iphoneos;
				SWIFT_OBJC_BRIDGING_HEADER = "SClientModel/SClientModel-Bridging-Header.h";
				TARGETED_DEVICE_FAMILY = "1,2";
				USER_HEADER_SEARCH_PATHS = "";
				VALIDATE_PRODUCT = YES;
				VALID_ARCHS = "armv6 arm64 armv7 armv7s x86_64 i386";
				VERSIONING_SYSTEM = "apple-generic";
				VERSION_INFO_PREFIX = "";
			};
			name = Release;
		};
		F188B8221CBCF9F40016173B /* Debug */ = {
			isa = XCBuildConfiguration;
			buildSettings = {
				ALWAYS_SEARCH_USER_PATHS = NO;
				APPLICATION_EXTENSION_API_ONLY = NO;
				CLANG_ENABLE_MODULES = YES;
				CODE_SIGN_IDENTITY = "iPhone Developer";
				"CODE_SIGN_IDENTITY[sdk=iphoneos*]" = "iPhone Developer";
				DEFINES_MODULE = YES;
				DYLIB_COMPATIBILITY_VERSION = 1;
				DYLIB_CURRENT_VERSION = 1;
				DYLIB_INSTALL_NAME_BASE = "@rpath";
				EMBEDDED_CONTENT_CONTAINS_SWIFT = NO;
				FRAMEWORK_SEARCH_PATHS = (
					"$(SRCROOT)",
					"${SRCROOT}/../Libs",
					"${SRCROOT}/../Libs/forSimulators",
				);
				INFOPLIST_FILE = SClientModel/Info.plist;
				INSTALL_PATH = "$(LOCAL_LIBRARY_DIR)/Frameworks";
				LD_RUNPATH_SEARCH_PATHS = "$(inherited)";
				ONLY_ACTIVE_ARCH = NO;
				OTHER_LDFLAGS = "-ObjC";
				PRODUCT_BUNDLE_IDENTIFIER = com.sconnectinglibs.model;
				PRODUCT_NAME = "$(TARGET_NAME)";
				PROVISIONING_PROFILE = "";
				SKIP_INSTALL = NO;
				SWIFT_INCLUDE_PATHS = "";
				SWIFT_OBJC_BRIDGING_HEADER = "SClientModel/SClientModel-Bridging-Header.h";
				SWIFT_OPTIMIZATION_LEVEL = "-Onone";
				SWIFT_VERSION = 3.0;
				VALID_ARCHS = "armv6 arm64 armv7 armv7s x86_64 i386";
			};
			name = Debug;
		};
		F188B8231CBCF9F40016173B /* Release */ = {
			isa = XCBuildConfiguration;
			buildSettings = {
				ALWAYS_SEARCH_USER_PATHS = NO;
				APPLICATION_EXTENSION_API_ONLY = NO;
				CLANG_ENABLE_MODULES = YES;
				CODE_SIGN_IDENTITY = "iPhone Developer";
				"CODE_SIGN_IDENTITY[sdk=iphoneos*]" = "iPhone Developer";
				DEFINES_MODULE = YES;
				DYLIB_COMPATIBILITY_VERSION = 1;
				DYLIB_CURRENT_VERSION = 1;
				DYLIB_INSTALL_NAME_BASE = "@rpath";
				EMBEDDED_CONTENT_CONTAINS_SWIFT = NO;
				ENABLE_TESTABILITY = YES;
				FRAMEWORK_SEARCH_PATHS = (
					"$(SRCROOT)",
					"${SRCROOT}/../Libs",
					"${SRCROOT}/../Libs/forSimulators",
				);
				INFOPLIST_FILE = SClientModel/Info.plist;
				INSTALL_PATH = "$(LOCAL_LIBRARY_DIR)/Frameworks";
				LD_RUNPATH_SEARCH_PATHS = "$(inherited)";
				ONLY_ACTIVE_ARCH = NO;
				OTHER_LDFLAGS = "-ObjC";
				PRODUCT_BUNDLE_IDENTIFIER = com.sconnectinglibs.model;
				PRODUCT_NAME = "$(TARGET_NAME)";
				PROVISIONING_PROFILE = "";
				SKIP_INSTALL = NO;
				SWIFT_INCLUDE_PATHS = "";
				SWIFT_OBJC_BRIDGING_HEADER = "SClientModel/SClientModel-Bridging-Header.h";
				SWIFT_VERSION = 3.0;
				VALID_ARCHS = "armv6 arm64 armv7 armv7s x86_64 i386";
			};
			name = Release;
		};
/* End XCBuildConfiguration section */

/* Begin XCConfigurationList section */
		F188B8131CBCF9F40016173B /* Build configuration list for PBXProject "SClientModel" */ = {
			isa = XCConfigurationList;
			buildConfigurations = (
				F188B81F1CBCF9F40016173B /* Debug */,
				F188B8201CBCF9F40016173B /* Release */,
			);
			defaultConfigurationIsVisible = 0;
			defaultConfigurationName = Release;
		};
		F188B8211CBCF9F40016173B /* Build configuration list for PBXNativeTarget "SClientModel" */ = {
			isa = XCConfigurationList;
			buildConfigurations = (
				F188B8221CBCF9F40016173B /* Debug */,
				F188B8231CBCF9F40016173B /* Release */,
			);
			defaultConfigurationIsVisible = 0;
			defaultConfigurationName = Release;
		};
/* End XCConfigurationList section */
	};
	rootObject = F188B8101CBCF9F40016173B /* Project object */;
}
